// !$*UTF8*$!
{
	archiveVersion = 1;
	classes = {
	};
	objectVersion = 46;
	objects = {

/* Begin PBXBuildFile section */
		0583DB8C1EBA688B007F5286 /* AppDelegate.swift in Sources */ = {isa = PBXBuildFile; fileRef = 0583DB8B1EBA688B007F5286 /* AppDelegate.swift */; };
		0583DB8E1EBA688B007F5286 /* ViewController.swift in Sources */ = {isa = PBXBuildFile; fileRef = 0583DB8D1EBA688B007F5286 /* ViewController.swift */; };
		0583DB911EBA688B007F5286 /* Main.storyboard in Resources */ = {isa = PBXBuildFile; fileRef = 0583DB8F1EBA688B007F5286 /* Main.storyboard */; };
		0583DB931EBA688B007F5286 /* Assets.xcassets in Resources */ = {isa = PBXBuildFile; fileRef = 0583DB921EBA688B007F5286 /* Assets.xcassets */; };
		0583DB961EBA688B007F5286 /* LaunchScreen.storyboard in Resources */ = {isa = PBXBuildFile; fileRef = 0583DB941EBA688B007F5286 /* LaunchScreen.storyboard */; };
		0583DBA01EBA68A1007F5286 /* board.png in Resources */ = {isa = PBXBuildFile; fileRef = 0583DB9D1EBA68A1007F5286 /* board.png */; };
		0583DBA11EBA68A1007F5286 /* cross.png in Resources */ = {isa = PBXBuildFile; fileRef = 0583DB9E1EBA68A1007F5286 /* cross.png */; };
		0583DBA21EBA68A1007F5286 /* nought.png in Resources */ = {isa = PBXBuildFile; fileRef = 0583DB9F1EBA68A1007F5286 /* nought.png */; };
/* End PBXBuildFile section */

/* Begin PBXFileReference section */
		0583DB881EBA688B007F5286 /* TicTacToe.app */ = {isa = PBXFileReference; explicitFileType = wrapper.application; includeInIndex = 0; path = TicTacToe.app; sourceTree = BUILT_PRODUCTS_DIR; };
		0583DB8B1EBA688B007F5286 /* AppDelegate.swift */ = {isa = PBXFileReference; lastKnownFileType = sourcecode.swift; path = AppDelegate.swift; sourceTree = "<group>"; };
		0583DB8D1EBA688B007F5286 /* ViewController.swift */ = {isa = PBXFileReference; lastKnownFileType = sourcecode.swift; path = ViewController.swift; sourceTree = "<group>"; };
		0583DB901EBA688B007F5286 /* Base */ = {isa = PBXFileReference; lastKnownFileType = file.storyboard; name = Base; path = Base.lproj/Main.storyboard; sourceTree = "<group>"; };
		0583DB921EBA688B007F5286 /* Assets.xcassets */ = {isa = PBXFileReference; lastKnownFileType = folder.assetcatalog; path = Assets.xcassets; sourceTree = "<group>"; };
		0583DB951EBA688B007F5286 /* Base */ = {isa = PBXFileReference; lastKnownFileType = file.storyboard; name = Base; path = Base.lproj/LaunchScreen.storyboard; sourceTree = "<group>"; };
		0583DB971EBA688B007F5286 /* Info.plist */ = {isa = PBXFileReference; lastKnownFileType = text.plist.xml; path = Info.plist; sourceTree = "<group>"; };
		0583DB9D1EBA68A1007F5286 /* board.png */ = {isa = PBXFileReference; lastKnownFileType = image.png; path = board.png; sourceTree = "<group>"; };
		0583DB9E1EBA68A1007F5286 /* cross.png */ = {isa = PBXFileReference; lastKnownFileType = image.png; path = cross.png; sourceTree = "<group>"; };
		0583DB9F1EBA68A1007F5286 /* nought.png */ = {isa = PBXFileReference; lastKnownFileType = image.png; path = nought.png; sourceTree = "<group>"; };
/* End PBXFileReference section */

/* Begin PBXFrameworksBuildPhase section */
		0583DB851EBA688B007F5286 /* Frameworks */ = {
			isa = PBXFrameworksBuildPhase;
			buildActionMask = 2147483647;
			files = (
			);
			runOnlyForDeploymentPostprocessing = 0;
		};
/* End PBXFrameworksBuildPhase section */

/* Begin PBXGroup section */
		0583DB7F1EBA688B007F5286 = {
			isa = PBXGroup;
			children = (
				0583DB8A1EBA688B007F5286 /* TicTacToe */,
				0583DB891EBA688B007F5286 /* Products */,
			);
			sourceTree = "<group>";
		};
		0583DB891EBA688B007F5286 /* Products */ = {
			isa = PBXGroup;
			children = (
				0583DB881EBA688B007F5286 /* TicTacToe.app */,
			);
			name = Products;
			sourceTree = "<group>";
		};
		0583DB8A1EBA688B007F5286 /* TicTacToe */ = {
			isa = PBXGroup;
			children = (
				0583DB8B1EBA688B007F5286 /* AppDelegate.swift */,
				0583DB8D1EBA688B007F5286 /* ViewController.swift */,
				0583DB8F1EBA688B007F5286 /* Main.storyboard */,
				0583DB9D1EBA68A1007F5286 /* board.png */,
				0583DB9E1EBA68A1007F5286 /* cross.png */,
				0583DB9F1EBA68A1007F5286 /* nought.png */,
				0583DB921EBA688B007F5286 /* Assets.xcassets */,
				0583DB941EBA688B007F5286 /* LaunchScreen.storyboard */,
				0583DB971EBA688B007F5286 /* Info.plist */,
			);
			path = TicTacToe;
			sourceTree = "<group>";
		};
/* End PBXGroup section */

/* Begin PBXNativeTarget section */
		0583DB871EBA688B007F5286 /* TicTacToe */ = {
			isa = PBXNativeTarget;
			buildConfigurationList = 0583DB9A1EBA688B007F5286 /* Build configuration list for PBXNativeTarget "TicTacToe" */;
			buildPhases = (
				0583DB841EBA688B007F5286 /* Sources */,
				0583DB851EBA688B007F5286 /* Frameworks */,
				0583DB861EBA688B007F5286 /* Resources */,
			);
			buildRules = (
			);
			dependencies = (
			);
			name = TicTacToe;
			productName = TicTacToe;
			productReference = 0583DB881EBA688B007F5286 /* TicTacToe.app */;
			productType = "com.apple.product-type.application";
		};
/* End PBXNativeTarget section */

/* Begin PBXProject section */
		0583DB801EBA688B007F5286 /* Project object */ = {
			isa = PBXProject;
			attributes = {
				LastSwiftUpdateCheck = 0830;
				LastUpgradeCheck = 0830;
				ORGANIZATIONNAME = "Victor Vuong";
				TargetAttributes = {
					0583DB871EBA688B007F5286 = {
						CreatedOnToolsVersion = 8.3.2;
						ProvisioningStyle = Automatic;
					};
				};
			};
			buildConfigurationList = 0583DB831EBA688B007F5286 /* Build configuration list for PBXProject "TicTacToe" */;
			compatibilityVersion = "Xcode 3.2";
			developmentRegion = English;
			hasScannedForEncodings = 0;
			knownRegions = (
				en,
				Base,
			);
			mainGroup = 0583DB7F1EBA688B007F5286;
			productRefGroup = 0583DB891EBA688B007F5286 /* Products */;
			projectDirPath = "";
			projectRoot = "";
			targets = (
				0583DB871EBA688B007F5286 /* TicTacToe */,
			);
		};
/* End PBXProject section */

/* Begin PBXResourcesBuildPhase section */
		0583DB861EBA688B007F5286 /* Resources */ = {
			isa = PBXResourcesBuildPhase;
			buildActionMask = 2147483647;
			files = (
				0583DBA11EBA68A1007F5286 /* cross.png in Resources */,
				0583DBA01EBA68A1007F5286 /* board.png in Resources */,
				0583DBA21EBA68A1007F5286 /* nought.png in Resources */,
				0583DB961EBA688B007F5286 /* LaunchScreen.storyboard in Resources */,
				0583DB931EBA688B007F5286 /* Assets.xcassets in Resources */,
				0583DB911EBA688B007F5286 /* Main.storyboard in Resources */,
			);
			runOnlyForDeploymentPostprocessing = 0;
		};
/* End PBXResourcesBuildPhase section */

/* Begin PBXSourcesBuildPhase section */
		0583DB841EBA688B007F5286 /* Sources */ = {
			isa = PBXSourcesBuildPhase;
			buildActionMask = 2147483647;
			files = (
				0583DB8E1EBA688B007F5286 /* ViewController.swift in Sources */,
				0583DB8C1EBA688B007F5286 /* AppDelegate.swift in Sources */,
			);
			runOnlyForDeploymentPostprocessing = 0;
		};
/* End PBXSourcesBuildPhase section */

/* Begin PBXVariantGroup section */
		0583DB8F1EBA688B007F5286 /* Main.storyboard */ = {
			isa = PBXVariantGroup;
			children = (
				0583DB901EBA688B007F5286 /* Base */,
			);
			name = Main.storyboard;
			sourceTree = "<group>";
		};
		0583DB941EBA688B007F5286 /* LaunchScreen.storyboard */ = {
			isa = PBXVariantGroup;
			children = (
				0583DB951EBA688B007F5286 /* Base */,
			);
			name = LaunchScreen.storyboard;
			sourceTree = "<group>";
		};
/* End PBXVariantGroup section */

/* Begin XCBuildConfiguration section */
		0583DB981EBA688B007F5286 /* Debug */ = {
			isa = XCBuildConfiguration;
			buildSettings = {
				ALWAYS_SEARCH_USER_PATHS = NO;
				CLANG_ANALYZER_NONNULL = YES;
				CLANG_ANALYZER_NUMBER_OBJECT_CONVERSION = YES_AGGRESSIVE;
				CLANG_CXX_LANGUAGE_STANDARD = "gnu++0x";
				CLANG_CXX_LIBRARY = "libc++";
				CLANG_ENABLE_MODULES = YES;
				CLANG_ENABLE_OBJC_ARC = YES;
				CLANG_WARN_BOOL_CONVERSION = YES;
				CLANG_WARN_CONSTANT_CONVERSION = YES;
				CLANG_WARN_DIRECT_OBJC_ISA_USAGE = YES_ERROR;
				CLANG_WARN_DOCUMENTATION_COMMENTS = YES;
				CLANG_WARN_EMPTY_BODY = YES;
				CLANG_WARN_ENUM_CONVERSION = YES;
				CLANG_WARN_INFINITE_RECURSION = YES;
				CLANG_WARN_INT_CONVERSION = YES;
				CLANG_WARN_OBJC_ROOT_CLASS = YES_ERROR;
				CLANG_WARN_SUSPICIOUS_MOVE = YES;
				CLANG_WARN_UNREACHABLE_CODE = YES;
				CLANG_WARN__DUPLICATE_METHOD_MATCH = YES;
				"CODE_SIGN_IDENTITY[sdk=iphoneos*]" = "iPhone Developer";
				COPY_PHASE_STRIP = NO;
				DEBUG_INFORMATION_FORMAT = dwarf;
				ENABLE_STRICT_OBJC_MSGSEND = YES;
				ENABLE_TESTABILITY = YES;
				GCC_C_LANGUAGE_STANDARD = gnu99;
				GCC_DYNAMIC_NO_PIC = NO;
				GCC_NO_COMMON_BLOCKS = YES;
				GCC_OPTIMIZATION_LEVEL = 0;
				GCC_PREPROCESSOR_DEFINITIONS = (
					"DEBUG=1",
					"$(inherited)",
				);
				GCC_WARN_64_TO_32_BIT_CONVERSION = YES;
				GCC_WARN_ABOUT_RETURN_TYPE = YES_ERROR;
				GCC_WARN_UNDECLARED_SELECTOR = YES;
				GCC_WARN_UNINITIALIZED_AUTOS = YES_AGGRESSIVE;
				GCC_WARN_UNUSED_FUNCTION = YES;
				GCC_WARN_UNUSED_VARIABLE = YES;
				IPHONEOS_DEPLOYMENT_TARGET = 10.3;
				MTL_ENABLE_DEBUG_INFO = YES;
				ONLY_ACTIVE_ARCH = YES;
				SDKROOT = iphoneos;
				SWIFT_ACTIVE_COMPILATION_CONDITIONS = DEBUG;
				SWIFT_OPTIMIZATION_LEVEL = "-Onone";
			};
			name = Debug;
		};
		0583DB991EBA688B007F5286 /* Release */ = {
			isa = XCBuildConfiguration;
			buildSettings = {
				ALWAYS_SEARCH_USER_PATHS = NO;
				CLANG_ANALYZER_NONNULL = YES;
				CLANG_ANALYZER_NUMBER_OBJECT_CONVERSION = YES_AGGRESSIVE;
				CLANG_CXX_LANGUAGE_STANDARD = "gnu++0x";
				CLANG_CXX_LIBRARY = "libc++";
				CLANG_ENABLE_MODULES = YES;
				CLANG_ENABLE_OBJC_ARC = YES;
				CLANG_WARN_BOOL_CONVERSION = YES;
				CLANG_WARN_CONSTANT_CONVERSION = YES;
				CLANG_WARN_DIRECT_OBJC_ISA_USAGE = YES_ERROR;
				CLANG_WARN_DOCUMENTATION_COMMENTS = YES;
				CLANG_WARN_EMPTY_BODY = YES;
				CLANG_WARN_ENUM_CONVERSION = YES;
				CLANG_WARN_INFINITE_RECURSION = YES;
				CLANG_WARN_INT_CONVERSION = YES;
				CLANG_WARN_OBJC_ROOT_CLASS = YES_ERROR;
				CLANG_WARN_SUSPICIOUS_MOVE = YES;
				CLANG_WARN_UNREACHABLE_CODE = YES;
				CLANG_WARN__DUPLICATE_METHOD_MATCH = YES;
				"CODE_SIGN_IDENTITY[sdk=iphoneos*]" = "iPhone Developer";
				COPY_PHASE_STRIP = NO;
				DEBUG_INFORMATION_FORMAT = "dwarf-with-dsym";
				ENABLE_NS_ASSERTIONS = NO;
				ENABLE_STRICT_OBJC_MSGSEND = YES;
				GCC_C_LANGUAGE_STANDARD = gnu99;
				GCC_NO_COMMON_BLOCKS = YES;
				GCC_WARN_64_TO_32_BIT_CONVERSION = YES;
				GCC_WARN_ABOUT_RETURN_TYPE = YES_ERROR;
				GCC_WARN_UNDECLARED_SELECTOR = YES;
				GCC_WARN_UNINITIALIZED_AUTOS = YES_AGGRESSIVE;
				GCC_WARN_UNUSED_FUNCTION = YES;
				GCC_WARN_UNUSED_VARIABLE = YES;
				IPHONEOS_DEPLOYMENT_TARGET = 10.3;
				MTL_ENABLE_DEBUG_INFO = NO;
				SDKROOT = iphoneos;
				SWIFT_OPTIMIZATION_LEVEL = "-Owholemodule";
				VALIDATE_PRODUCT = YES;
			};
			name = Release;
		};
		0583DB9B1EBA688B007F5286 /* Debug */ = {
			isa = XCBuildConfiguration;
			buildSettings = {
				ASSETCATALOG_COMPILER_APPICON_NAME = AppIcon;
				INFOPLIST_FILE = TicTacToe/Info.plist;
				LD_RUNPATH_SEARCH_PATHS = "$(inherited) @executable_path/Frameworks";
				PRODUCT_BUNDLE_IDENTIFIER = com.appvv.TicTacToe;
				PRODUCT_NAME = "$(TARGET_NAME)";
				SWIFT_VERSION = 3.0;
			};
			name = Debug;
		};
		0583DB9C1EBA688B007F5286 /* Release */ = {
			isa = XCBuildConfiguration;
			buildSettings = {
				ASSETCATALOG_COMPILER_APPICON_NAME = AppIcon;
				INFOPLIST_FILE = TicTacToe/Info.plist;
				LD_RUNPATH_SEARCH_PATHS = "$(inherited) @executable_path/Frameworks";
				PRODUCT_BUNDLE_IDENTIFIER = com.appvv.TicTacToe;
				PRODUCT_NAME = "$(TARGET_NAME)";
				SWIFT_VERSION = 3.0;
			};
			name = Release;
		};
/* End XCBuildConfiguration section */

/* Begin XCConfigurationList section */
		0583DB831EBA688B007F5286 /* Build configuration list for PBXProject "TicTacToe" */ = {
			isa = XCConfigurationList;
			buildConfigurations = (
				0583DB981EBA688B007F5286 /* Debug */,
				0583DB991EBA688B007F5286 /* Release */,
			);
			defaultConfigurationIsVisible = 0;
			defaultConfigurationName = Release;
		};
		0583DB9A1EBA688B007F5286 /* Build configuration list for PBXNativeTarget "TicTacToe" */ = {
			isa = XCConfigurationList;
			buildConfigurations = (
				0583DB9B1EBA688B007F5286 /* Debug */,
				0583DB9C1EBA688B007F5286 /* Release */,
			);
			defaultConfigurationIsVisible = 0;
		};
/* End XCConfigurationList section */
	};
	rootObject = 0583DB801EBA688B007F5286 /* Project object */;
}
